{
    "version": 3,
    "terraform_version": "0.9.11",
    "serial": 1,
    "lineage": "bba73526-9777-4412-a3f2-c3f942e51c6b",
    "modules": [
        {
            "path": [
                "root"
            ],
            "outputs": {
                "Bootstrap Automation": {
                    "sensitive": false,
                    "type": "string",
                    "value": "You will receive an email to admin@drklk.org once Bootrap process done"
                },
                "SSH String for new Server": {
                    "sensitive": false,
                    "type": "string",
                    "value": "ssh centos@35.154.181.76"
                }
            },
            "resources": {
                "aws_default_vpc.default": {
                    "type": "aws_default_vpc",
                    "depends_on": [],
                    "primary": {
                        "id": "vpc-b5c121dc",
                        "attributes": {
                            "cidr_block": "172.31.0.0/16",
                            "default_network_acl_id": "acl-9fd535f6",
                            "default_route_table_id": "rtb-2edd3d47",
                            "default_security_group_id": "sg-19876870",
                            "dhcp_options_id": "dopt-09cd2d60",
                            "enable_dns_hostnames": "true",
                            "enable_dns_support": "true",
                            "id": "vpc-b5c121dc",
                            "instance_tenancy": "default",
                            "main_route_table_id": "rtb-2edd3d47",
                            "tags.%": "1",
                            "tags.Name": "Default VPC"
                        },
                        "meta": {
                            "schema_version": "1"
                        },
                        "tainted": false
                    },
                    "deposed": [],
                    "provider": ""
                },
                "aws_instance.chef": {
                    "type": "aws_instance",
                    "depends_on": [
                        "aws_key_pair.chef",
                        "aws_security_group.chef",
                        "data.aws_subnet_ids.default",
                        "data.template_file.chef"
                    ],
                    "primary": {
                        "id": "i-02df10ff4e8b85eb2",
                        "attributes": {
                            "ami": "ami-11f0837e",
                            "associate_public_ip_address": "true",
                            "availability_zone": "ap-south-1a",
                            "disable_api_termination": "false",
                            "ebs_block_device.#": "0",
                            "ebs_optimized": "false",
                            "ephemeral_block_device.#": "0",
                            "iam_instance_profile": "",
                            "id": "i-02df10ff4e8b85eb2",
                            "instance_state": "running",
                            "instance_type": "t2.micro",
                            "ipv6_addresses.#": "0",
                            "key_name": "chef-key",
                            "monitoring": "false",
                            "network_interface.#": "0",
                            "network_interface_id": "eni-a93919f5",
                            "primary_network_interface_id": "eni-a93919f5",
                            "private_dns": "ip-172-31-29-251.ap-south-1.compute.internal",
                            "private_ip": "172.31.29.251",
                            "public_dns": "ec2-35-154-181-76.ap-south-1.compute.amazonaws.com",
                            "public_ip": "35.154.181.76",
                            "root_block_device.#": "1",
                            "root_block_device.0.delete_on_termination": "false",
                            "root_block_device.0.iops": "0",
                            "root_block_device.0.volume_size": "8",
                            "root_block_device.0.volume_type": "standard",
                            "security_groups.#": "0",
                            "source_dest_check": "true",
                            "subnet_id": "subnet-e27b9a8b",
                            "tags.%": "1",
                            "tags.Name": "Chef Admin",
                            "tenancy": "default",
                            "user_data": "19ddd54cc9c0ce9ceff1c44dda34c85cfed1c6d6",
                            "volume_tags.%": "0",
                            "vpc_security_group_ids.#": "1",
                            "vpc_security_group_ids.1682351688": "sg-5370d23b"
                        },
                        "meta": {
                            "e2bfb730-ecaa-11e6-8f88-34363bc7c4c0": {
                                "create": 600000000000,
                                "delete": 600000000000,
                                "update": 600000000000
                            },
                            "schema_version": "1"
                        },
                        "tainted": false
                    },
                    "deposed": [],
                    "provider": ""
                },
                "aws_key_pair.chef": {
                    "type": "aws_key_pair",
                    "depends_on": [],
                    "primary": {
                        "id": "chef-key",
                        "attributes": {
                            "fingerprint": "be:ad:90:b8:9c:d9:fa:14:d5:bd:d9:ca:23:50:6e:3b",
                            "id": "chef-key",
                            "key_name": "chef-key",
                            "public_key": "ssh-rsa AAAAB3NzaC1yc2EAAAADAQABAAABAQCdbjz2rVzO8U1QRQ/ZcppHGczRr6x39PhGWTWxxiJrlOFp90dew0VuMO1KNtsYj+1ByxpVlPXo3kkhfY8j+kmtkwWHAesCShSj9uuSEofovJuLJM9W+sw8qnBTM+pDI8jal3fPf3otXyue9OpxMZJICM7KLginsIWy2xDcGKOT7kEZjmSbgFX3f18+HCQTJsL8lZfkQNna3zpfTMfhNpI/kmW4NBUnwSaavn3FYRd5JaWO1u8TvQucjAdYiddyp3RToN70Rux6n3sbcLH7eTDXypEBs1YbOTlFJCOr0ceFBOyIuhgR2/1AvF35aOmongGWb8le6UqipiL1vigsCB/l"
                        },
                        "meta": {
                            "schema_version": "1"
                        },
                        "tainted": false
                    },
                    "deposed": [],
                    "provider": ""
                },
                "aws_security_group.chef": {
                    "type": "aws_security_group",
                    "depends_on": [
                        "aws_default_vpc.default"
                    ],
                    "primary": {
                        "id": "sg-5370d23b",
                        "attributes": {
                            "description": "Allow SSH inbound traffic",
                            "egress.#": "1",
                            "egress.482069346.cidr_blocks.#": "1",
                            "egress.482069346.cidr_blocks.0": "0.0.0.0/0",
                            "egress.482069346.from_port": "0",
                            "egress.482069346.ipv6_cidr_blocks.#": "0",
                            "egress.482069346.prefix_list_ids.#": "0",
                            "egress.482069346.protocol": "-1",
                            "egress.482069346.security_groups.#": "0",
                            "egress.482069346.self": "false",
                            "egress.482069346.to_port": "0",
                            "id": "sg-5370d23b",
                            "ingress.#": "1",
                            "ingress.2541437006.cidr_blocks.#": "1",
                            "ingress.2541437006.cidr_blocks.0": "0.0.0.0/0",
                            "ingress.2541437006.from_port": "22",
                            "ingress.2541437006.ipv6_cidr_blocks.#": "0",
                            "ingress.2541437006.protocol": "tcp",
                            "ingress.2541437006.security_groups.#": "0",
                            "ingress.2541437006.self": "false",
                            "ingress.2541437006.to_port": "22",
                            "name": "Chef Security Group",
                            "owner_id": "696952547163",
                            "tags.%": "1",
                            "tags.Name": "chef",
                            "vpc_id": "vpc-b5c121dc"
                        },
                        "meta": {},
                        "tainted": false
                    },
                    "deposed": [],
                    "provider": ""
                },
                "data.aws_subnet_ids.default": {
                    "type": "aws_subnet_ids",
                    "depends_on": [
                        "aws_default_vpc.default"
                    ],
                    "primary": {
                        "id": "vpc-b5c121dc",
                        "attributes": {
                            "id": "vpc-b5c121dc",
                            "ids.#": "2",
                            "ids.2164418394": "subnet-e27b9a8b",
                            "ids.3167616256": "subnet-fa3c1eb0",
                            "vpc_id": "vpc-b5c121dc"
                        },
                        "meta": {},
                        "tainted": false
                    },
                    "deposed": [],
                    "provider": ""
                },
                "data.template_file.chef": {
                    "type": "template_file",
                    "depends_on": [],
                    "primary": {
                        "id": "6f3b9f8b607bbda502d3778cc3b9e04777ccd67d97b336048a248ef3ac868c75",
                        "attributes": {
                            "id": "6f3b9f8b607bbda502d3778cc3b9e04777ccd67d97b336048a248ef3ac868c75",
                            "rendered": "#cloud-config\n#Created by Damith Kothalawala 2017/08/15\npackage_upgrade: true\npackages:\n- vim\n- mailx\nruncmd:\n- curl -s https://omnitruck.chef.io/install.sh | sudo bash -s -- -P chefdk\n- su centos -c  \"echo 'eval \\\"$(chef shell-init bash)\\\"' \u003e\u003e ~/.bash_profile\"\n- source ~/.bash_profile\n- sudo yum install -y git yum-utils\n- sudo yum-config-manager --add-repo https://download.docker.com/linux/centos/docker-ce.repo\n- sudo yum makecache fast\n- sudo yum -y install docker-ce\n- sudo systemctl enable docker\n- sudo systemctl start docker\n- sudo usermod -aG docker centos\n- sudo systemctl stop getty@tty1.service\n- sudo systemctl mask getty@tty1.service\n- su centos -c \"docker network create --subnet=10.1.1.0/24 testnet\"\n- su centos -c \"/opt/chefdk/embedded/bin/gem install kitchen-docker\"\n- su centos -c \"git config --global user.name \\\"damithkothalawala\\\"\"\n- su centos -c \"git config --global user.email \\\"admin@drklk.org\\\"\"\n- su centos -c \"git config --global core.editor vim\"\n- su centos -c \"git config --global color.ui auto\"\n- echo \"Your Chef Dev Env is Ready.\" | mail -s \"Chef Development Server Ready\" admin@drklk.org\n",
                            "template": "#cloud-config\n#Created by Damith Kothalawala 2017/08/15\npackage_upgrade: true\npackages:\n- vim\n- mailx\nruncmd:\n- curl -s https://omnitruck.chef.io/install.sh | sudo bash -s -- -P chefdk\n- su centos -c  \"echo 'eval \\\"$(chef shell-init bash)\\\"' \u003e\u003e ~/.bash_profile\"\n- source ~/.bash_profile\n- sudo yum install -y git yum-utils\n- sudo yum-config-manager --add-repo https://download.docker.com/linux/centos/docker-ce.repo\n- sudo yum makecache fast\n- sudo yum -y install docker-ce\n- sudo systemctl enable docker\n- sudo systemctl start docker\n- sudo usermod -aG docker centos\n- sudo systemctl stop getty@tty1.service\n- sudo systemctl mask getty@tty1.service\n- su centos -c \"docker network create --subnet=10.1.1.0/24 testnet\"\n- su centos -c \"/opt/chefdk/embedded/bin/gem install kitchen-docker\"\n- su centos -c \"git config --global user.name \\\"${gituser}\\\"\"\n- su centos -c \"git config --global user.email \\\"${email}\\\"\"\n- su centos -c \"git config --global core.editor vim\"\n- su centos -c \"git config --global color.ui auto\"\n- echo \"Your Chef Dev Env is Ready.\" | mail -s \"Chef Development Server Ready\" ${email}\n",
                            "vars.%": "2",
                            "vars.email": "admin@drklk.org",
                            "vars.gituser": "damithkothalawala"
                        },
                        "meta": {},
                        "tainted": false
                    },
                    "deposed": [],
                    "provider": ""
                }
            },
            "depends_on": []
        }
    ]
}
